
Microsoft Visual Studio Solution File, Format Version 11.00
# Visual Studio 2010
# SharpDevelop 4.4
Project("{FAE04EC0-301F-11D3-BF4B-00C04F79EFBC}") = "capviewer", "capviewer\capviewer.csproj", "{DFF37E03-D34C-4D77-AE57-5349409762A7}"
EndProject
Global
	GlobalSection(SolutionConfigurationPlatforms) = preSolution
		Debug|Any CPU = Debug|Any CPU
		Release|Any CPU = Release|Any CPU
	EndGlobalSection
	GlobalSection(ProjectConfigurationPlatforms) = postSolution
		{DFF37E03-D34C-4D77-AE57-5349409762A7}.Debug|Any CPU.Build.0 = Debug|Any CPU
		{DFF37E03-D34C-4D77-AE57-5349409762A7}.Debug|Any CPU.ActiveCfg = Debug|Any CPU
		{DFF37E03-D34C-4D77-AE57-5349409762A7}.Release|Any CPU.Build.0 = Release|Any CPU
		{DFF37E03-D34C-4D77-AE57-5349409762A7}.Release|Any CPU.ActiveCfg = Release|Any CPU
	EndGlobalSection
EndGlobal
